
Microsoft Visual Studio Solution File, Format Version 12.00
# Visual Studio Version 17
VisualStudioVersion = 17.2.32505.173
MinimumVisualStudioVersion = 10.0.40219.1
Project("{FAE04EC0-301F-11D3-BF4B-00C04F79EFBC}") = "database of criminals", "database of criminals\database of criminals.csproj", "{11AA1C86-71C8-4A51-BC56-540E6D6F8000}"
EndProject
Global
	GlobalSection(SolutionConfigurationPlatforms) = preSolution
		Debug|Any CPU = Debug|Any CPU
		Release|Any CPU = Release|Any CPU
	EndGlobalSection
	GlobalSection(ProjectConfigurationPlatforms) = postSolution
		{11AA1C86-71C8-4A51-BC56-540E6D6F8000}.Debug|Any CPU.ActiveCfg = Debug|Any CPU
		{11AA1C86-71C8-4A51-BC56-540E6D6F8000}.Debug|Any CPU.Build.0 = Debug|Any CPU
		{11AA1C86-71C8-4A51-BC56-540E6D6F8000}.Release|Any CPU.ActiveCfg = Release|Any CPU
		{11AA1C86-71C8-4A51-BC56-540E6D6F8000}.Release|Any CPU.Build.0 = Release|Any CPU
	EndGlobalSection
	GlobalSection(SolutionProperties) = preSolution
		HideSolutionNode = FALSE
	EndGlobalSection
	GlobalSection(ExtensibilityGlobals) = postSolution
		SolutionGuid = {190FCB45-CD66-483B-A642-881DFF702E3D}
	EndGlobalSection
EndGlobal
